
Microsoft Visual Studio Solution File, Format Version 12.00
# Visual Studio Version 17
VisualStudioVersion = 17.14.36301.6 d17.14
MinimumVisualStudioVersion = 10.0.40219.1
Project("{FAE04EC0-301F-11D3-BF4B-00C04F79EFBC}") = "Ecommerce", "Ecommerce.csproj", "{19E04031-4F05-4D6F-B664-FB65C0902CFD}"
EndProject
Global
	GlobalSection(SolutionConfigurationPlatforms) = preSolution
		Debug|Any CPU = Debug|Any CPU
		Release|Any CPU = Release|Any CPU
	EndGlobalSection
	GlobalSection(ProjectConfigurationPlatforms) = postSolution
		{19E04031-4F05-4D6F-B664-FB65C0902CFD}.Debug|Any CPU.ActiveCfg = Debug|Any CPU
		{19E04031-4F05-4D6F-B664-FB65C0902CFD}.Debug|Any CPU.Build.0 = Debug|Any CPU
		{19E04031-4F05-4D6F-B664-FB65C0902CFD}.Release|Any CPU.ActiveCfg = Release|Any CPU
		{19E04031-4F05-4D6F-B664-FB65C0902CFD}.Release|Any CPU.Build.0 = Release|Any CPU
	EndGlobalSection
	GlobalSection(SolutionProperties) = preSolution
		HideSolutionNode = FALSE
	EndGlobalSection
	GlobalSection(ExtensibilityGlobals) = postSolution
		SolutionGuid = {B41AB1CD-F3BA-4623-9D8A-AD96F8499E92}
	EndGlobalSection
EndGlobal
